
Microsoft Visual Studio Solution File, Format Version 12.00
# Visual Studio 14
VisualStudioVersion = 14.0.25420.1
MinimumVisualStudioVersion = 10.0.40219.1
Project("{BE0A4C86-FC82-4F70-8ED6-D24C8B13E7BF}") = "Test5", "Test5\Test5.javaproj", "{03743842-DA9B-486E-AD9C-D8ED7040B699}"
EndProject
Global
	GlobalSection(SolutionConfigurationPlatforms) = preSolution
		Debug|Any CPU = Debug|Any CPU
		Release|Any CPU = Release|Any CPU
	EndGlobalSection
	GlobalSection(ProjectConfigurationPlatforms) = postSolution
		{03743842-DA9B-486E-AD9C-D8ED7040B699}.Debug|Any CPU.ActiveCfg = Debug|Any CPU
		{03743842-DA9B-486E-AD9C-D8ED7040B699}.Debug|Any CPU.Build.0 = Debug|Any CPU
		{03743842-DA9B-486E-AD9C-D8ED7040B699}.Release|Any CPU.ActiveCfg = Release|Any CPU
		{03743842-DA9B-486E-AD9C-D8ED7040B699}.Release|Any CPU.Build.0 = Release|Any CPU
	EndGlobalSection
	GlobalSection(SolutionProperties) = preSolution
		HideSolutionNode = FALSE
	EndGlobalSection
EndGlobal
