
Microsoft Visual Studio Solution File, Format Version 12.00
# Visual Studio 14
VisualStudioVersion = 14.0.25420.1
MinimumVisualStudioVersion = 10.0.40219.1
Project("{BE0A4C86-FC82-4F70-8ED6-D24C8B13E7BF}") = "Test3", "Test3\Test3.javaproj", "{B807BA6A-42B3-4804-899C-90314D0B870B}"
EndProject
Global
	GlobalSection(SolutionConfigurationPlatforms) = preSolution
		Debug|Any CPU = Debug|Any CPU
		Release|Any CPU = Release|Any CPU
	EndGlobalSection
	GlobalSection(ProjectConfigurationPlatforms) = postSolution
		{B807BA6A-42B3-4804-899C-90314D0B870B}.Debug|Any CPU.ActiveCfg = Debug|Any CPU
		{B807BA6A-42B3-4804-899C-90314D0B870B}.Debug|Any CPU.Build.0 = Debug|Any CPU
		{B807BA6A-42B3-4804-899C-90314D0B870B}.Release|Any CPU.ActiveCfg = Release|Any CPU
		{B807BA6A-42B3-4804-899C-90314D0B870B}.Release|Any CPU.Build.0 = Release|Any CPU
	EndGlobalSection
	GlobalSection(SolutionProperties) = preSolution
		HideSolutionNode = FALSE
	EndGlobalSection
EndGlobal
